# This file is automatically @generated by Cargo.
# It is not intended for manual editing.
version = 4

[[package]]
name = "addressable"
version = "0.1.0"

[[package]]
name = "addressable_reference"
version = "0.1.0"
dependencies = [
 "addressable",
 "addressable_tree",
]

[[package]]
name = "addressable_tooling"
version = "0.1.0"
dependencies = [
 "addressable",
 "addressable_reference",
]

[[package]]
name = "addressable_tour"
version = "0.1.0"
dependencies = [
 "addressable",
 "addressable_reference",
 "addressable_tooling",
]

[[package]]
name = "addressable_tree"
version = "0.1.0"
dependencies = [
 "addressable",
]
